
Microsoft Visual Studio Solution File, Format Version 12.00
# Visual Studio Version 17
VisualStudioVersion = 17.1.32414.318
MinimumVisualStudioVersion = 10.0.40219.1
Project("{FAE04EC0-301F-11D3-BF4B-00C04F79EFBC}") = "Calculator", "Calculator\Calculator.csproj", "{57CF51C9-0DEB-46F5-B618-13B86D4057B0}"
EndProject
Global
	GlobalSection(SolutionConfigurationPlatforms) = preSolution
		Debug|Any CPU = Debug|Any CPU
		Release|Any CPU = Release|Any CPU
	EndGlobalSection
	GlobalSection(ProjectConfigurationPlatforms) = postSolution
		{57CF51C9-0DEB-46F5-B618-13B86D4057B0}.Debug|Any CPU.ActiveCfg = Debug|Any CPU
		{57CF51C9-0DEB-46F5-B618-13B86D4057B0}.Debug|Any CPU.Build.0 = Debug|Any CPU
		{57CF51C9-0DEB-46F5-B618-13B86D4057B0}.Release|Any CPU.ActiveCfg = Release|Any CPU
		{57CF51C9-0DEB-46F5-B618-13B86D4057B0}.Release|Any CPU.Build.0 = Release|Any CPU
	EndGlobalSection
	GlobalSection(SolutionProperties) = preSolution
		HideSolutionNode = FALSE
	EndGlobalSection
	GlobalSection(ExtensibilityGlobals) = postSolution
		SolutionGuid = {319B50D6-26C4-4F90-8AB7-4CA799732606}
	EndGlobalSection
EndGlobal
